dependencies:
- name: nats
  repository: https://charts.bitnami.com/bitnami
  version: 6.0.0
- name: redis
  repository: https://charts.bitnami.com/bitnami
  version: 12.1.1
- name: etcd
  repository: https://charts.bitnami.com/bitnami
  version: 5.5.2
digest: sha256:3e0432f19244ee158cdf1bde93dc8bf32a1521b07f3e27465c71f6e40dd016ce
generated: "2021-01-25T09:07:23.92866869Z"
