dependencies:
- name: nats
  repository: https://charts.bitnami.com/bitnami
  version: 6.0.0
- name: redis
  repository: https://charts.bitnami.com/bitnami
  version: 12.6.4
- name: etcd
  repository: https://charts.bitnami.com/bitnami
  version: 5.3.0
digest: sha256:07775fa28bced16abc9b5b4823ebfe715d4e752960073db67cc76ca5f0d3d8a0
generated: "2021-01-25T10:46:13.01932738Z"
