dependencies:
- name: nats
  repository: https://charts.bitnami.com/bitnami
  version: 6.1.2
- name: redis
  repository: https://charts.bitnami.com/bitnami
  version: 12.1.1
- name: etcd
  repository: https://charts.bitnami.com/bitnami
  version: 5.3.0
digest: sha256:03c984cf38ebf42bcd6bf2527a338e0cd157bedb2c6cef73de959f555e8ce82a
generated: "2021-01-25T12:17:09.235691578Z"
